
Microsoft Visual Studio Solution File, Format Version 12.00
# Visual Studio Version 16
VisualStudioVersion = 16.0.33801.447
MinimumVisualStudioVersion = 10.0.40219.1
Project("{FAE04EC0-301F-11D3-BF4B-00C04F79EFBC}") = "Array", "Array\Array.csproj", "{F0010A38-C7A9-4CBA-88E2-A1F0CD858DEF}"
EndProject
Global
	GlobalSection(SolutionConfigurationPlatforms) = preSolution
		Debug|Any CPU = Debug|Any CPU
		Release|Any CPU = Release|Any CPU
	EndGlobalSection
	GlobalSection(ProjectConfigurationPlatforms) = postSolution
		{F0010A38-C7A9-4CBA-88E2-A1F0CD858DEF}.Debug|Any CPU.ActiveCfg = Debug|Any CPU
		{F0010A38-C7A9-4CBA-88E2-A1F0CD858DEF}.Debug|Any CPU.Build.0 = Debug|Any CPU
		{F0010A38-C7A9-4CBA-88E2-A1F0CD858DEF}.Release|Any CPU.ActiveCfg = Release|Any CPU
		{F0010A38-C7A9-4CBA-88E2-A1F0CD858DEF}.Release|Any CPU.Build.0 = Release|Any CPU
	EndGlobalSection
	GlobalSection(SolutionProperties) = preSolution
		HideSolutionNode = FALSE
	EndGlobalSection
	GlobalSection(ExtensibilityGlobals) = postSolution
		SolutionGuid = {6D078C39-48F2-4182-AAEF-769F287EAD57}
	EndGlobalSection
EndGlobal
